// !$*UTF8*$!
{
	archiveVersion = 1;
	classes = {
	};
	objectVersion = 55;
	objects = {

/* Begin PBXBuildFile section */
		1DB18ACA7881C0C57FBDD9C0 /* Pods_Theia.framework in Frameworks */ = {isa = PBXBuildFile; fileRef = B863B79F4931C318BF5D9998 /* Pods_Theia.framework */; };
		761019B55B7E724A764A4F76 /* Pods_Theia_TheiaUITests.framework in Frameworks */ = {isa = PBXBuildFile; fileRef = 129227D94C7A8083E133E9F3 /* Pods_Theia_TheiaUITests.framework */; };
		A40D210BE9653CF21B25701C /* Pods_TheiaTests.framework in Frameworks */ = {isa = PBXBuildFile; fileRef = FBE64D5FAC4B2420CEE6CA40 /* Pods_TheiaTests.framework */; };
		E50CFAB72833F9EA008CB01B /* ApocalypseActionable.m in Sources */ = {isa = PBXBuildFile; fileRef = E50CFAB62833F9EA008CB01B /* ApocalypseActionable.m */; };
		E50CFABA2833FA02008CB01B /* ApocalypseEnumerator.m in Sources */ = {isa = PBXBuildFile; fileRef = E50CFAB92833FA02008CB01B /* ApocalypseEnumerator.m */; };
		E531D1182808170600E735BA /* AppDelegate.m in Sources */ = {isa = PBXBuildFile; fileRef = E531D1172808170600E735BA /* AppDelegate.m */; };
		E531D11B2808170600E735BA /* ViewController.m in Sources */ = {isa = PBXBuildFile; fileRef = E531D11A2808170600E735BA /* ViewController.m */; };
		E531D11E2808170600E735BA /* Main.storyboard in Resources */ = {isa = PBXBuildFile; fileRef = E531D11C2808170600E735BA /* Main.storyboard */; };
		E531D1202808170800E735BA /* Assets.xcassets in Resources */ = {isa = PBXBuildFile; fileRef = E531D11F2808170800E735BA /* Assets.xcassets */; };
		E531D1232808170800E735BA /* LaunchScreen.storyboard in Resources */ = {isa = PBXBuildFile; fileRef = E531D1212808170800E735BA /* LaunchScreen.storyboard */; };
		E531D1252808170800E735BA /* main.m in Sources */ = {isa = PBXBuildFile; fileRef = E531D1242808170800E735BA /* main.m */; };
		E531D12F2808170800E735BA /* TheiaTests.m in Sources */ = {isa = PBXBuildFile; fileRef = E531D12E2808170800E735BA /* TheiaTests.m */; };
		E531D1392808170800E735BA /* TheiaUITests.m in Sources */ = {isa = PBXBuildFile; fileRef = E531D1382808170800E735BA /* TheiaUITests.m */; };
		E531D13B2808170800E735BA /* TheiaUITestsLaunchTests.m in Sources */ = {isa = PBXBuildFile; fileRef = E531D13A2808170800E735BA /* TheiaUITestsLaunchTests.m */; };
		E53B4AF22832792E0007DEDC /* ReversiActionable.m in Sources */ = {isa = PBXBuildFile; fileRef = E53B4AF12832792E0007DEDC /* ReversiActionable.m */; };
		E589A41B2833B66900AF65AD /* ConfusedActionable.m in Sources */ = {isa = PBXBuildFile; fileRef = E589A41A2833B66900AF65AD /* ConfusedActionable.m */; };
		E5B726D52840BB2800B300EA /* FixActionable.m in Sources */ = {isa = PBXBuildFile; fileRef = E5B726D42840BB2800B300EA /* FixActionable.m */; };
		E5B726D92840F1FF00B300EA /* RandomAction.m in Sources */ = {isa = PBXBuildFile; fileRef = E5B726D82840F1FF00B300EA /* RandomAction.m */; };
		E5D9B30A282188E900833038 /* TransportBarController.m in Sources */ = {isa = PBXBuildFile; fileRef = E5D9B309282188E900833038 /* TransportBarController.m */; };
		E5F930A6282E905E003AFE6A /* MuteActionable.m in Sources */ = {isa = PBXBuildFile; fileRef = E5F930A5282E905E003AFE6A /* MuteActionable.m */; };
		E5F930AC282EAD40003AFE6A /* SpeedActionable.m in Sources */ = {isa = PBXBuildFile; fileRef = E5F930AB282EAD40003AFE6A /* SpeedActionable.m */; };
		E5F930AF2832401B003AFE6A /* TeleportActionable.m in Sources */ = {isa = PBXBuildFile; fileRef = E5F930AE2832401B003AFE6A /* TeleportActionable.m */; };
		E5FB18CD282118440017FD5F /* GestureController.m in Sources */ = {isa = PBXBuildFile; fileRef = E5FB18CC282118430017FD5F /* GestureController.m */; };
/* End PBXBuildFile section */

/* Begin PBXContainerItemProxy section */
		E531D12B2808170800E735BA /* PBXContainerItemProxy */ = {
			isa = PBXContainerItemProxy;
			containerPortal = E531D10B2808170500E735BA /* Project object */;
			proxyType = 1;
			remoteGlobalIDString = E531D1122808170500E735BA;
			remoteInfo = Theia;
		};
		E531D1352808170800E735BA /* PBXContainerItemProxy */ = {
			isa = PBXContainerItemProxy;
			containerPortal = E531D10B2808170500E735BA /* Project object */;
			proxyType = 1;
			remoteGlobalIDString = E531D1122808170500E735BA;
			remoteInfo = Theia;
		};
/* End PBXContainerItemProxy section */

/* Begin PBXFileReference section */
		129227D94C7A8083E133E9F3 /* Pods_Theia_TheiaUITests.framework */ = {isa = PBXFileReference; explicitFileType = wrapper.framework; includeInIndex = 0; path = Pods_Theia_TheiaUITests.framework; sourceTree = BUILT_PRODUCTS_DIR; };
		167D0CC0183637707F20B556 /* Pods-TheiaTests.release.xcconfig */ = {isa = PBXFileReference; includeInIndex = 1; lastKnownFileType = text.xcconfig; name = "Pods-TheiaTests.release.xcconfig"; path = "Target Support Files/Pods-TheiaTests/Pods-TheiaTests.release.xcconfig"; sourceTree = "<group>"; };
		4766014813E6C30FD18350D7 /* Pods-Theia.release.xcconfig */ = {isa = PBXFileReference; includeInIndex = 1; lastKnownFileType = text.xcconfig; name = "Pods-Theia.release.xcconfig"; path = "Target Support Files/Pods-Theia/Pods-Theia.release.xcconfig"; sourceTree = "<group>"; };
		B863B79F4931C318BF5D9998 /* Pods_Theia.framework */ = {isa = PBXFileReference; explicitFileType = wrapper.framework; includeInIndex = 0; path = Pods_Theia.framework; sourceTree = BUILT_PRODUCTS_DIR; };
		BF9E074849A7A8C077DAB26B /* Pods-Theia-TheiaUITests.release.xcconfig */ = {isa = PBXFileReference; includeInIndex = 1; lastKnownFileType = text.xcconfig; name = "Pods-Theia-TheiaUITests.release.xcconfig"; path = "Target Support Files/Pods-Theia-TheiaUITests/Pods-Theia-TheiaUITests.release.xcconfig"; sourceTree = "<group>"; };
		C9CA2D75F22FD885DA5F9DFE /* Pods-Theia.debug.xcconfig */ = {isa = PBXFileReference; includeInIndex = 1; lastKnownFileType = text.xcconfig; name = "Pods-Theia.debug.xcconfig"; path = "Target Support Files/Pods-Theia/Pods-Theia.debug.xcconfig"; sourceTree = "<group>"; };
		E2FE558D0F183B70C3DECA8E /* Pods-Theia-TheiaUITests.debug.xcconfig */ = {isa = PBXFileReference; includeInIndex = 1; lastKnownFileType = text.xcconfig; name = "Pods-Theia-TheiaUITests.debug.xcconfig"; path = "Target Support Files/Pods-Theia-TheiaUITests/Pods-Theia-TheiaUITests.debug.xcconfig"; sourceTree = "<group>"; };
		E50CFAB42833F47B008CB01B /* UnexpectedAction.h */ = {isa = PBXFileReference; lastKnownFileType = sourcecode.c.h; path = UnexpectedAction.h; sourceTree = "<group>"; };
		E50CFAB52833F9EA008CB01B /* ApocalypseActionable.h */ = {isa = PBXFileReference; lastKnownFileType = sourcecode.c.h; path = ApocalypseActionable.h; sourceTree = "<group>"; };
		E50CFAB62833F9EA008CB01B /* ApocalypseActionable.m */ = {isa = PBXFileReference; lastKnownFileType = sourcecode.c.objc; path = ApocalypseActionable.m; sourceTree = "<group>"; };
		E50CFAB82833FA02008CB01B /* ApocalypseEnumerator.h */ = {isa = PBXFileReference; lastKnownFileType = sourcecode.c.h; path = ApocalypseEnumerator.h; sourceTree = "<group>"; };
		E50CFAB92833FA02008CB01B /* ApocalypseEnumerator.m */ = {isa = PBXFileReference; lastKnownFileType = sourcecode.c.objc; path = ApocalypseEnumerator.m; sourceTree = "<group>"; };
		E531D1132808170600E735BA /* Theia.app */ = {isa = PBXFileReference; explicitFileType = wrapper.application; includeInIndex = 0; path = Theia.app; sourceTree = BUILT_PRODUCTS_DIR; };
		E531D1162808170600E735BA /* AppDelegate.h */ = {isa = PBXFileReference; lastKnownFileType = sourcecode.c.h; path = AppDelegate.h; sourceTree = "<group>"; };
		E531D1172808170600E735BA /* AppDelegate.m */ = {isa = PBXFileReference; lastKnownFileType = sourcecode.c.objc; path = AppDelegate.m; sourceTree = "<group>"; };
		E531D1192808170600E735BA /* ViewController.h */ = {isa = PBXFileReference; lastKnownFileType = sourcecode.c.h; path = ViewController.h; sourceTree = "<group>"; };
		E531D11A2808170600E735BA /* ViewController.m */ = {isa = PBXFileReference; lastKnownFileType = sourcecode.c.objc; path = ViewController.m; sourceTree = "<group>"; };
		E531D11D2808170600E735BA /* Base */ = {isa = PBXFileReference; lastKnownFileType = file.storyboard; name = Base; path = Base.lproj/Main.storyboard; sourceTree = "<group>"; };
		E531D11F2808170800E735BA /* Assets.xcassets */ = {isa = PBXFileReference; lastKnownFileType = folder.assetcatalog; path = Assets.xcassets; sourceTree = "<group>"; };
		E531D1222808170800E735BA /* Base */ = {isa = PBXFileReference; lastKnownFileType = file.storyboard; name = Base; path = Base.lproj/LaunchScreen.storyboard; sourceTree = "<group>"; };
		E531D1242808170800E735BA /* main.m */ = {isa = PBXFileReference; lastKnownFileType = sourcecode.c.objc; path = main.m; sourceTree = "<group>"; };
		E531D12A2808170800E735BA /* TheiaTests.xctest */ = {isa = PBXFileReference; explicitFileType = wrapper.cfbundle; includeInIndex = 0; path = TheiaTests.xctest; sourceTree = BUILT_PRODUCTS_DIR; };
		E531D12E2808170800E735BA /* TheiaTests.m */ = {isa = PBXFileReference; lastKnownFileType = sourcecode.c.objc; path = TheiaTests.m; sourceTree = "<group>"; };
		E531D1342808170800E735BA /* TheiaUITests.xctest */ = {isa = PBXFileReference; explicitFileType = wrapper.cfbundle; includeInIndex = 0; path = TheiaUITests.xctest; sourceTree = BUILT_PRODUCTS_DIR; };
		E531D1382808170800E735BA /* TheiaUITests.m */ = {isa = PBXFileReference; lastKnownFileType = sourcecode.c.objc; path = TheiaUITests.m; sourceTree = "<group>"; };
		E531D13A2808170800E735BA /* TheiaUITestsLaunchTests.m */ = {isa = PBXFileReference; lastKnownFileType = sourcecode.c.objc; path = TheiaUITestsLaunchTests.m; sourceTree = "<group>"; };
		E53B4AF02832792E0007DEDC /* ReversiActionable.h */ = {isa = PBXFileReference; lastKnownFileType = sourcecode.c.h; path = ReversiActionable.h; sourceTree = "<group>"; };
		E53B4AF12832792E0007DEDC /* ReversiActionable.m */ = {isa = PBXFileReference; lastKnownFileType = sourcecode.c.objc; path = ReversiActionable.m; sourceTree = "<group>"; };
		E589A4192833B66900AF65AD /* ConfusedActionable.h */ = {isa = PBXFileReference; lastKnownFileType = sourcecode.c.h; path = ConfusedActionable.h; sourceTree = "<group>"; };
		E589A41A2833B66900AF65AD /* ConfusedActionable.m */ = {isa = PBXFileReference; lastKnownFileType = sourcecode.c.objc; path = ConfusedActionable.m; sourceTree = "<group>"; };
		E5B726D32840BB2800B300EA /* FixActionable.h */ = {isa = PBXFileReference; lastKnownFileType = sourcecode.c.h; path = FixActionable.h; sourceTree = "<group>"; };
		E5B726D42840BB2800B300EA /* FixActionable.m */ = {isa = PBXFileReference; lastKnownFileType = sourcecode.c.objc; path = FixActionable.m; sourceTree = "<group>"; };
		E5B726D62840E4C000B300EA /* FixActionAdditionals.h */ = {isa = PBXFileReference; lastKnownFileType = sourcecode.c.h; path = FixActionAdditionals.h; sourceTree = "<group>"; };
		E5B726D72840F1FF00B300EA /* RandomAction.h */ = {isa = PBXFileReference; lastKnownFileType = sourcecode.c.h; path = RandomAction.h; sourceTree = "<group>"; };
		E5B726D82840F1FF00B300EA /* RandomAction.m */ = {isa = PBXFileReference; lastKnownFileType = sourcecode.c.objc; path = RandomAction.m; sourceTree = "<group>"; };
		E5D9B308282188E900833038 /* TransportBarController.h */ = {isa = PBXFileReference; lastKnownFileType = sourcecode.c.h; path = TransportBarController.h; sourceTree = "<group>"; };
		E5D9B309282188E900833038 /* TransportBarController.m */ = {isa = PBXFileReference; lastKnownFileType = sourcecode.c.objc; path = TransportBarController.m; sourceTree = "<group>"; };
		E5EAAB212825042E0047248E /* Info.plist */ = {isa = PBXFileReference; lastKnownFileType = text.plist; path = Info.plist; sourceTree = "<group>"; };
		E5F930A3282E8C34003AFE6A /* Actionable.h */ = {isa = PBXFileReference; lastKnownFileType = sourcecode.c.h; path = Actionable.h; sourceTree = "<group>"; };
		E5F930A4282E905E003AFE6A /* MuteActionable.h */ = {isa = PBXFileReference; lastKnownFileType = sourcecode.c.h; path = MuteActionable.h; sourceTree = "<group>"; };
		E5F930A5282E905E003AFE6A /* MuteActionable.m */ = {isa = PBXFileReference; lastKnownFileType = sourcecode.c.objc; path = MuteActionable.m; sourceTree = "<group>"; };
		E5F930AA282EAD40003AFE6A /* SpeedActionable.h */ = {isa = PBXFileReference; lastKnownFileType = sourcecode.c.h; path = SpeedActionable.h; sourceTree = "<group>"; };
		E5F930AB282EAD40003AFE6A /* SpeedActionable.m */ = {isa = PBXFileReference; lastKnownFileType = sourcecode.c.objc; path = SpeedActionable.m; sourceTree = "<group>"; };
		E5F930AD2832401B003AFE6A /* TeleportActionable.h */ = {isa = PBXFileReference; lastKnownFileType = sourcecode.c.h; path = TeleportActionable.h; sourceTree = "<group>"; };
		E5F930AE2832401B003AFE6A /* TeleportActionable.m */ = {isa = PBXFileReference; lastKnownFileType = sourcecode.c.objc; path = TeleportActionable.m; sourceTree = "<group>"; };
		E5FB18CB282118430017FD5F /* GestureController.h */ = {isa = PBXFileReference; lastKnownFileType = sourcecode.c.h; path = GestureController.h; sourceTree = "<group>"; };
		E5FB18CC282118430017FD5F /* GestureController.m */ = {isa = PBXFileReference; lastKnownFileType = sourcecode.c.objc; path = GestureController.m; sourceTree = "<group>"; };
		E8CB08A3DE9B0CC9A662AD75 /* Pods-TheiaTests.debug.xcconfig */ = {isa = PBXFileReference; includeInIndex = 1; lastKnownFileType = text.xcconfig; name = "Pods-TheiaTests.debug.xcconfig"; path = "Target Support Files/Pods-TheiaTests/Pods-TheiaTests.debug.xcconfig"; sourceTree = "<group>"; };
		FBE64D5FAC4B2420CEE6CA40 /* Pods_TheiaTests.framework */ = {isa = PBXFileReference; explicitFileType = wrapper.framework; includeInIndex = 0; path = Pods_TheiaTests.framework; sourceTree = BUILT_PRODUCTS_DIR; };
/* End PBXFileReference section */

/* Begin PBXFrameworksBuildPhase section */
		E531D1102808170500E735BA /* Frameworks */ = {
			isa = PBXFrameworksBuildPhase;
			buildActionMask = 2147483647;
			files = (
				1DB18ACA7881C0C57FBDD9C0 /* Pods_Theia.framework in Frameworks */,
			);
			runOnlyForDeploymentPostprocessing = 0;
		};
		E531D1272808170800E735BA /* Frameworks */ = {
			isa = PBXFrameworksBuildPhase;
			buildActionMask = 2147483647;
			files = (
				A40D210BE9653CF21B25701C /* Pods_TheiaTests.framework in Frameworks */,
			);
			runOnlyForDeploymentPostprocessing = 0;
		};
		E531D1312808170800E735BA /* Frameworks */ = {
			isa = PBXFrameworksBuildPhase;
			buildActionMask = 2147483647;
			files = (
				761019B55B7E724A764A4F76 /* Pods_Theia_TheiaUITests.framework in Frameworks */,
			);
			runOnlyForDeploymentPostprocessing = 0;
		};
/* End PBXFrameworksBuildPhase section */

/* Begin PBXGroup section */
		15BF81776B0F5AC39684C188 /* Frameworks */ = {
			isa = PBXGroup;
			children = (
				B863B79F4931C318BF5D9998 /* Pods_Theia.framework */,
				129227D94C7A8083E133E9F3 /* Pods_Theia_TheiaUITests.framework */,
				FBE64D5FAC4B2420CEE6CA40 /* Pods_TheiaTests.framework */,
			);
			name = Frameworks;
			sourceTree = "<group>";
		};
		B920E6522E844B4AB3EB8F45 /* Pods */ = {
			isa = PBXGroup;
			children = (
				C9CA2D75F22FD885DA5F9DFE /* Pods-Theia.debug.xcconfig */,
				4766014813E6C30FD18350D7 /* Pods-Theia.release.xcconfig */,
				E2FE558D0F183B70C3DECA8E /* Pods-Theia-TheiaUITests.debug.xcconfig */,
				BF9E074849A7A8C077DAB26B /* Pods-Theia-TheiaUITests.release.xcconfig */,
				E8CB08A3DE9B0CC9A662AD75 /* Pods-TheiaTests.debug.xcconfig */,
				167D0CC0183637707F20B556 /* Pods-TheiaTests.release.xcconfig */,
			);
			path = Pods;
			sourceTree = "<group>";
		};
		E531D10A2808170500E735BA = {
			isa = PBXGroup;
			children = (
				E531D1152808170600E735BA /* Theia */,
				E531D12D2808170800E735BA /* TheiaTests */,
				E531D1372808170800E735BA /* TheiaUITests */,
				E531D1142808170600E735BA /* Products */,
				B920E6522E844B4AB3EB8F45 /* Pods */,
				15BF81776B0F5AC39684C188 /* Frameworks */,
			);
			sourceTree = "<group>";
		};
		E531D1142808170600E735BA /* Products */ = {
			isa = PBXGroup;
			children = (
				E531D1132808170600E735BA /* Theia.app */,
				E531D12A2808170800E735BA /* TheiaTests.xctest */,
				E531D1342808170800E735BA /* TheiaUITests.xctest */,
			);
			name = Products;
			sourceTree = "<group>";
		};
		E531D1152808170600E735BA /* Theia */ = {
			isa = PBXGroup;
			children = (
				E5EAAB212825042E0047248E /* Info.plist */,
				E531D1162808170600E735BA /* AppDelegate.h */,
				E531D1172808170600E735BA /* AppDelegate.m */,
				E531D1192808170600E735BA /* ViewController.h */,
				E531D11A2808170600E735BA /* ViewController.m */,
				E531D11C2808170600E735BA /* Main.storyboard */,
				E531D11F2808170800E735BA /* Assets.xcassets */,
				E531D1212808170800E735BA /* LaunchScreen.storyboard */,
				E531D1242808170800E735BA /* main.m */,
				E5FB18CB282118430017FD5F /* GestureController.h */,
				E5FB18CC282118430017FD5F /* GestureController.m */,
				E5D9B308282188E900833038 /* TransportBarController.h */,
				E5D9B309282188E900833038 /* TransportBarController.m */,
				E5F930A3282E8C34003AFE6A /* Actionable.h */,
				E5F930A4282E905E003AFE6A /* MuteActionable.h */,
				E5F930A5282E905E003AFE6A /* MuteActionable.m */,
				E5F930AA282EAD40003AFE6A /* SpeedActionable.h */,
				E5F930AB282EAD40003AFE6A /* SpeedActionable.m */,
				E5F930AD2832401B003AFE6A /* TeleportActionable.h */,
				E5F930AE2832401B003AFE6A /* TeleportActionable.m */,
				E53B4AF02832792E0007DEDC /* ReversiActionable.h */,
				E53B4AF12832792E0007DEDC /* ReversiActionable.m */,
				E589A4192833B66900AF65AD /* ConfusedActionable.h */,
				E589A41A2833B66900AF65AD /* ConfusedActionable.m */,
				E50CFAB42833F47B008CB01B /* UnexpectedAction.h */,
				E50CFAB52833F9EA008CB01B /* ApocalypseActionable.h */,
				E50CFAB62833F9EA008CB01B /* ApocalypseActionable.m */,
				E50CFAB82833FA02008CB01B /* ApocalypseEnumerator.h */,
				E50CFAB92833FA02008CB01B /* ApocalypseEnumerator.m */,
				E5B726D32840BB2800B300EA /* FixActionable.h */,
				E5B726D42840BB2800B300EA /* FixActionable.m */,
				E5B726D62840E4C000B300EA /* FixActionAdditionals.h */,
				E5B726D72840F1FF00B300EA /* RandomAction.h */,
				E5B726D82840F1FF00B300EA /* RandomAction.m */,
			);
			path = Theia;
			sourceTree = "<group>";
		};
		E531D12D2808170800E735BA /* TheiaTests */ = {
			isa = PBXGroup;
			children = (
				E531D12E2808170800E735BA /* TheiaTests.m */,
			);
			path = TheiaTests;
			sourceTree = "<group>";
		};
		E531D1372808170800E735BA /* TheiaUITests */ = {
			isa = PBXGroup;
			children = (
				E531D1382808170800E735BA /* TheiaUITests.m */,
				E531D13A2808170800E735BA /* TheiaUITestsLaunchTests.m */,
			);
			path = TheiaUITests;
			sourceTree = "<group>";
		};
/* End PBXGroup section */

/* Begin PBXNativeTarget section */
		E531D1122808170500E735BA /* Theia */ = {
			isa = PBXNativeTarget;
			buildConfigurationList = E531D13E2808170800E735BA /* Build configuration list for PBXNativeTarget "Theia" */;
			buildPhases = (
				45EC467CD9EA94C9BCF289B8 /* [CP] Check Pods Manifest.lock */,
				E531D10F2808170500E735BA /* Sources */,
				E531D1102808170500E735BA /* Frameworks */,
				E531D1112808170500E735BA /* Resources */,
			);
			buildRules = (
			);
			dependencies = (
			);
			name = Theia;
			productName = Theia;
			productReference = E531D1132808170600E735BA /* Theia.app */;
			productType = "com.apple.product-type.application";
		};
		E531D1292808170800E735BA /* TheiaTests */ = {
			isa = PBXNativeTarget;
			buildConfigurationList = E531D1412808170800E735BA /* Build configuration list for PBXNativeTarget "TheiaTests" */;
			buildPhases = (
				A3970507E15DBAADE52071B9 /* [CP] Check Pods Manifest.lock */,
				E531D1262808170800E735BA /* Sources */,
				E531D1272808170800E735BA /* Frameworks */,
				E531D1282808170800E735BA /* Resources */,
			);
			buildRules = (
			);
			dependencies = (
				E531D12C2808170800E735BA /* PBXTargetDependency */,
			);
			name = TheiaTests;
			productName = TheiaTests;
			productReference = E531D12A2808170800E735BA /* TheiaTests.xctest */;
			productType = "com.apple.product-type.bundle.unit-test";
		};
		E531D1332808170800E735BA /* TheiaUITests */ = {
			isa = PBXNativeTarget;
			buildConfigurationList = E531D1442808170800E735BA /* Build configuration list for PBXNativeTarget "TheiaUITests" */;
			buildPhases = (
				EDBE39E4AEABCC34AFA42BE3 /* [CP] Check Pods Manifest.lock */,
				E531D1302808170800E735BA /* Sources */,
				E531D1312808170800E735BA /* Frameworks */,
				E531D1322808170800E735BA /* Resources */,
			);
			buildRules = (
			);
			dependencies = (
				E531D1362808170800E735BA /* PBXTargetDependency */,
			);
			name = TheiaUITests;
			productName = TheiaUITests;
			productReference = E531D1342808170800E735BA /* TheiaUITests.xctest */;
			productType = "com.apple.product-type.bundle.ui-testing";
		};
/* End PBXNativeTarget section */

/* Begin PBXProject section */
		E531D10B2808170500E735BA /* Project object */ = {
			isa = PBXProject;
			attributes = {
				BuildIndependentTargetsInParallel = 1;
				LastUpgradeCheck = 1310;
				TargetAttributes = {
					E531D1122808170500E735BA = {
						CreatedOnToolsVersion = 13.1;
					};
					E531D1292808170800E735BA = {
						CreatedOnToolsVersion = 13.1;
						TestTargetID = E531D1122808170500E735BA;
					};
					E531D1332808170800E735BA = {
						CreatedOnToolsVersion = 13.1;
						TestTargetID = E531D1122808170500E735BA;
					};
				};
			};
			buildConfigurationList = E531D10E2808170500E735BA /* Build configuration list for PBXProject "Theia" */;
			compatibilityVersion = "Xcode 13.0";
			developmentRegion = en;
			hasScannedForEncodings = 0;
			knownRegions = (
				en,
				Base,
			);
			mainGroup = E531D10A2808170500E735BA;
			productRefGroup = E531D1142808170600E735BA /* Products */;
			projectDirPath = "";
			projectRoot = "";
			targets = (
				E531D1122808170500E735BA /* Theia */,
				E531D1292808170800E735BA /* TheiaTests */,
				E531D1332808170800E735BA /* TheiaUITests */,
			);
		};
/* End PBXProject section */

/* Begin PBXResourcesBuildPhase section */
		E531D1112808170500E735BA /* Resources */ = {
			isa = PBXResourcesBuildPhase;
			buildActionMask = 2147483647;
			files = (
				E531D1232808170800E735BA /* LaunchScreen.storyboard in Resources */,
				E531D1202808170800E735BA /* Assets.xcassets in Resources */,
				E531D11E2808170600E735BA /* Main.storyboard in Resources */,
			);
			runOnlyForDeploymentPostprocessing = 0;
		};
		E531D1282808170800E735BA /* Resources */ = {
			isa = PBXResourcesBuildPhase;
			buildActionMask = 2147483647;
			files = (
			);
			runOnlyForDeploymentPostprocessing = 0;
		};
		E531D1322808170800E735BA /* Resources */ = {
			isa = PBXResourcesBuildPhase;
			buildActionMask = 2147483647;
			files = (
			);
			runOnlyForDeploymentPostprocessing = 0;
		};
/* End PBXResourcesBuildPhase section */

/* Begin PBXShellScriptBuildPhase section */
		45EC467CD9EA94C9BCF289B8 /* [CP] Check Pods Manifest.lock */ = {
			isa = PBXShellScriptBuildPhase;
			buildActionMask = 2147483647;
			files = (
			);
			inputFileListPaths = (
			);
			inputPaths = (
				"${PODS_PODFILE_DIR_PATH}/Podfile.lock",
				"${PODS_ROOT}/Manifest.lock",
			);
			name = "[CP] Check Pods Manifest.lock";
			outputFileListPaths = (
			);
			outputPaths = (
				"$(DERIVED_FILE_DIR)/Pods-Theia-checkManifestLockResult.txt",
			);
			runOnlyForDeploymentPostprocessing = 0;
			shellPath = /bin/sh;
			shellScript = "diff \"${PODS_PODFILE_DIR_PATH}/Podfile.lock\" \"${PODS_ROOT}/Manifest.lock\" > /dev/null\nif [ $? != 0 ] ; then\n    # print error to STDERR\n    echo \"error: The sandbox is not in sync with the Podfile.lock. Run 'pod install' or update your CocoaPods installation.\" >&2\n    exit 1\nfi\n# This output is used by Xcode 'outputs' to avoid re-running this script phase.\necho \"SUCCESS\" > \"${SCRIPT_OUTPUT_FILE_0}\"\n";
			showEnvVarsInLog = 0;
		};
		A3970507E15DBAADE52071B9 /* [CP] Check Pods Manifest.lock */ = {
			isa = PBXShellScriptBuildPhase;
			buildActionMask = 2147483647;
			files = (
			);
			inputFileListPaths = (
			);
			inputPaths = (
				"${PODS_PODFILE_DIR_PATH}/Podfile.lock",
				"${PODS_ROOT}/Manifest.lock",
			);
			name = "[CP] Check Pods Manifest.lock";
			outputFileListPaths = (
			);
			outputPaths = (
				"$(DERIVED_FILE_DIR)/Pods-TheiaTests-checkManifestLockResult.txt",
			);
			runOnlyForDeploymentPostprocessing = 0;
			shellPath = /bin/sh;
			shellScript = "diff \"${PODS_PODFILE_DIR_PATH}/Podfile.lock\" \"${PODS_ROOT}/Manifest.lock\" > /dev/null\nif [ $? != 0 ] ; then\n    # print error to STDERR\n    echo \"error: The sandbox is not in sync with the Podfile.lock. Run 'pod install' or update your CocoaPods installation.\" >&2\n    exit 1\nfi\n# This output is used by Xcode 'outputs' to avoid re-running this script phase.\necho \"SUCCESS\" > \"${SCRIPT_OUTPUT_FILE_0}\"\n";
			showEnvVarsInLog = 0;
		};
		EDBE39E4AEABCC34AFA42BE3 /* [CP] Check Pods Manifest.lock */ = {
			isa = PBXShellScriptBuildPhase;
			buildActionMask = 2147483647;
			files = (
			);
			inputFileListPaths = (
			);
			inputPaths = (
				"${PODS_PODFILE_DIR_PATH}/Podfile.lock",
				"${PODS_ROOT}/Manifest.lock",
			);
			name = "[CP] Check Pods Manifest.lock";
			outputFileListPaths = (
			);
			outputPaths = (
				"$(DERIVED_FILE_DIR)/Pods-Theia-TheiaUITests-checkManifestLockResult.txt",
			);
			runOnlyForDeploymentPostprocessing = 0;
			shellPath = /bin/sh;
			shellScript = "diff \"${PODS_PODFILE_DIR_PATH}/Podfile.lock\" \"${PODS_ROOT}/Manifest.lock\" > /dev/null\nif [ $? != 0 ] ; then\n    # print error to STDERR\n    echo \"error: The sandbox is not in sync with the Podfile.lock. Run 'pod install' or update your CocoaPods installation.\" >&2\n    exit 1\nfi\n# This output is used by Xcode 'outputs' to avoid re-running this script phase.\necho \"SUCCESS\" > \"${SCRIPT_OUTPUT_FILE_0}\"\n";
			showEnvVarsInLog = 0;
		};
/* End PBXShellScriptBuildPhase section */

/* Begin PBXSourcesBuildPhase section */
		E531D10F2808170500E735BA /* Sources */ = {
			isa = PBXSourcesBuildPhase;
			buildActionMask = 2147483647;
			files = (
				E5F930AC282EAD40003AFE6A /* SpeedActionable.m in Sources */,
				E531D11B2808170600E735BA /* ViewController.m in Sources */,
				E5B726D92840F1FF00B300EA /* RandomAction.m in Sources */,
				E5FB18CD282118440017FD5F /* GestureController.m in Sources */,
				E531D1252808170800E735BA /* main.m in Sources */,
				E5D9B30A282188E900833038 /* TransportBarController.m in Sources */,
				E5F930A6282E905E003AFE6A /* MuteActionable.m in Sources */,
				E53B4AF22832792E0007DEDC /* ReversiActionable.m in Sources */,
				E50CFAB72833F9EA008CB01B /* ApocalypseActionable.m in Sources */,
				E50CFABA2833FA02008CB01B /* ApocalypseEnumerator.m in Sources */,
				E5F930AF2832401B003AFE6A /* TeleportActionable.m in Sources */,
				E589A41B2833B66900AF65AD /* ConfusedActionable.m in Sources */,
				E5B726D52840BB2800B300EA /* FixActionable.m in Sources */,
				E531D1182808170600E735BA /* AppDelegate.m in Sources */,
			);
			runOnlyForDeploymentPostprocessing = 0;
		};
		E531D1262808170800E735BA /* Sources */ = {
			isa = PBXSourcesBuildPhase;
			buildActionMask = 2147483647;
			files = (
				E531D12F2808170800E735BA /* TheiaTests.m in Sources */,
			);
			runOnlyForDeploymentPostprocessing = 0;
		};
		E531D1302808170800E735BA /* Sources */ = {
			isa = PBXSourcesBuildPhase;
			buildActionMask = 2147483647;
			files = (
				E531D13B2808170800E735BA /* TheiaUITestsLaunchTests.m in Sources */,
				E531D1392808170800E735BA /* TheiaUITests.m in Sources */,
			);
			runOnlyForDeploymentPostprocessing = 0;
		};
/* End PBXSourcesBuildPhase section */

/* Begin PBXTargetDependency section */
		E531D12C2808170800E735BA /* PBXTargetDependency */ = {
			isa = PBXTargetDependency;
			target = E531D1122808170500E735BA /* Theia */;
			targetProxy = E531D12B2808170800E735BA /* PBXContainerItemProxy */;
		};
		E531D1362808170800E735BA /* PBXTargetDependency */ = {
			isa = PBXTargetDependency;
			target = E531D1122808170500E735BA /* Theia */;
			targetProxy = E531D1352808170800E735BA /* PBXContainerItemProxy */;
		};
/* End PBXTargetDependency section */

/* Begin PBXVariantGroup section */
		E531D11C2808170600E735BA /* Main.storyboard */ = {
			isa = PBXVariantGroup;
			children = (
				E531D11D2808170600E735BA /* Base */,
			);
			name = Main.storyboard;
			sourceTree = "<group>";
		};
		E531D1212808170800E735BA /* LaunchScreen.storyboard */ = {
			isa = PBXVariantGroup;
			children = (
				E531D1222808170800E735BA /* Base */,
			);
			name = LaunchScreen.storyboard;
			sourceTree = "<group>";
		};
/* End PBXVariantGroup section */

/* Begin XCBuildConfiguration section */
		E531D13C2808170800E735BA /* Debug */ = {
			isa = XCBuildConfiguration;
			buildSettings = {
				ALWAYS_SEARCH_USER_PATHS = NO;
				CLANG_ANALYZER_NONNULL = YES;
				CLANG_ANALYZER_NUMBER_OBJECT_CONVERSION = YES_AGGRESSIVE;
				CLANG_CXX_LANGUAGE_STANDARD = "gnu++17";
				CLANG_CXX_LIBRARY = "libc++";
				CLANG_ENABLE_MODULES = YES;
				CLANG_ENABLE_OBJC_ARC = YES;
				CLANG_ENABLE_OBJC_WEAK = YES;
				CLANG_WARN_BLOCK_CAPTURE_AUTORELEASING = YES;
				CLANG_WARN_BOOL_CONVERSION = YES;
				CLANG_WARN_COMMA = YES;
				CLANG_WARN_CONSTANT_CONVERSION = YES;
				CLANG_WARN_DEPRECATED_OBJC_IMPLEMENTATIONS = YES;
				CLANG_WARN_DIRECT_OBJC_ISA_USAGE = YES_ERROR;
				CLANG_WARN_DOCUMENTATION_COMMENTS = YES;
				CLANG_WARN_EMPTY_BODY = YES;
				CLANG_WARN_ENUM_CONVERSION = YES;
				CLANG_WARN_INFINITE_RECURSION = YES;
				CLANG_WARN_INT_CONVERSION = YES;
				CLANG_WARN_NON_LITERAL_NULL_CONVERSION = YES;
				CLANG_WARN_OBJC_IMPLICIT_RETAIN_SELF = YES;
				CLANG_WARN_OBJC_LITERAL_CONVERSION = YES;
				CLANG_WARN_OBJC_ROOT_CLASS = YES_ERROR;
				CLANG_WARN_QUOTED_INCLUDE_IN_FRAMEWORK_HEADER = YES;
				CLANG_WARN_RANGE_LOOP_ANALYSIS = YES;
				CLANG_WARN_STRICT_PROTOTYPES = YES;
				CLANG_WARN_SUSPICIOUS_MOVE = YES;
				CLANG_WARN_UNGUARDED_AVAILABILITY = YES_AGGRESSIVE;
				CLANG_WARN_UNREACHABLE_CODE = YES;
				CLANG_WARN__DUPLICATE_METHOD_MATCH = YES;
				COPY_PHASE_STRIP = NO;
				DEBUG_INFORMATION_FORMAT = dwarf;
				ENABLE_STRICT_OBJC_MSGSEND = YES;
				ENABLE_TESTABILITY = YES;
				GCC_C_LANGUAGE_STANDARD = gnu11;
				GCC_DYNAMIC_NO_PIC = NO;
				GCC_NO_COMMON_BLOCKS = YES;
				GCC_OPTIMIZATION_LEVEL = 0;
				GCC_PREPROCESSOR_DEFINITIONS = (
					"DEBUG=1",
					"$(inherited)",
				);
				GCC_WARN_64_TO_32_BIT_CONVERSION = YES;
				GCC_WARN_ABOUT_RETURN_TYPE = YES_ERROR;
				GCC_WARN_UNDECLARED_SELECTOR = YES;
				GCC_WARN_UNINITIALIZED_AUTOS = YES_AGGRESSIVE;
				GCC_WARN_UNUSED_FUNCTION = YES;
				GCC_WARN_UNUSED_VARIABLE = YES;
				MTL_ENABLE_DEBUG_INFO = INCLUDE_SOURCE;
				MTL_FAST_MATH = YES;
				ONLY_ACTIVE_ARCH = YES;
				SDKROOT = appletvos;
				TVOS_DEPLOYMENT_TARGET = 15.0;
			};
			name = Debug;
		};
		E531D13D2808170800E735BA /* Release */ = {
			isa = XCBuildConfiguration;
			buildSettings = {
				ALWAYS_SEARCH_USER_PATHS = NO;
				CLANG_ANALYZER_NONNULL = YES;
				CLANG_ANALYZER_NUMBER_OBJECT_CONVERSION = YES_AGGRESSIVE;
				CLANG_CXX_LANGUAGE_STANDARD = "gnu++17";
				CLANG_CXX_LIBRARY = "libc++";
				CLANG_ENABLE_MODULES = YES;
				CLANG_ENABLE_OBJC_ARC = YES;
				CLANG_ENABLE_OBJC_WEAK = YES;
				CLANG_WARN_BLOCK_CAPTURE_AUTORELEASING = YES;
				CLANG_WARN_BOOL_CONVERSION = YES;
				CLANG_WARN_COMMA = YES;
				CLANG_WARN_CONSTANT_CONVERSION = YES;
				CLANG_WARN_DEPRECATED_OBJC_IMPLEMENTATIONS = YES;
				CLANG_WARN_DIRECT_OBJC_ISA_USAGE = YES_ERROR;
				CLANG_WARN_DOCUMENTATION_COMMENTS = YES;
				CLANG_WARN_EMPTY_BODY = YES;
				CLANG_WARN_ENUM_CONVERSION = YES;
				CLANG_WARN_INFINITE_RECURSION = YES;
				CLANG_WARN_INT_CONVERSION = YES;
				CLANG_WARN_NON_LITERAL_NULL_CONVERSION = YES;
				CLANG_WARN_OBJC_IMPLICIT_RETAIN_SELF = YES;
				CLANG_WARN_OBJC_LITERAL_CONVERSION = YES;
				CLANG_WARN_OBJC_ROOT_CLASS = YES_ERROR;
				CLANG_WARN_QUOTED_INCLUDE_IN_FRAMEWORK_HEADER = YES;
				CLANG_WARN_RANGE_LOOP_ANALYSIS = YES;
				CLANG_WARN_STRICT_PROTOTYPES = YES;
				CLANG_WARN_SUSPICIOUS_MOVE = YES;
				CLANG_WARN_UNGUARDED_AVAILABILITY = YES_AGGRESSIVE;
				CLANG_WARN_UNREACHABLE_CODE = YES;
				CLANG_WARN__DUPLICATE_METHOD_MATCH = YES;
				COPY_PHASE_STRIP = NO;
				DEBUG_INFORMATION_FORMAT = "dwarf-with-dsym";
				ENABLE_NS_ASSERTIONS = NO;
				ENABLE_STRICT_OBJC_MSGSEND = YES;
				GCC_C_LANGUAGE_STANDARD = gnu11;
				GCC_NO_COMMON_BLOCKS = YES;
				GCC_WARN_64_TO_32_BIT_CONVERSION = YES;
				GCC_WARN_ABOUT_RETURN_TYPE = YES_ERROR;
				GCC_WARN_UNDECLARED_SELECTOR = YES;
				GCC_WARN_UNINITIALIZED_AUTOS = YES_AGGRESSIVE;
				GCC_WARN_UNUSED_FUNCTION = YES;
				GCC_WARN_UNUSED_VARIABLE = YES;
				MTL_ENABLE_DEBUG_INFO = NO;
				MTL_FAST_MATH = YES;
				SDKROOT = appletvos;
				TVOS_DEPLOYMENT_TARGET = 15.0;
				VALIDATE_PRODUCT = YES;
			};
			name = Release;
		};
		E531D13F2808170800E735BA /* Debug */ = {
			isa = XCBuildConfiguration;
			baseConfigurationReference = C9CA2D75F22FD885DA5F9DFE /* Pods-Theia.debug.xcconfig */;
			buildSettings = {
				ASSETCATALOG_COMPILER_APPICON_NAME = "App Icon & Top Shelf Image";
				ASSETCATALOG_COMPILER_GLOBAL_ACCENT_COLOR_NAME = AccentColor;
				CODE_SIGN_STYLE = Automatic;
				CURRENT_PROJECT_VERSION = 1;
				DEVELOPMENT_TEAM = 2DT5V8584W;
				GENERATE_INFOPLIST_FILE = YES;
				INFOPLIST_FILE = Theia/Info.plist;
				INFOPLIST_KEY_UILaunchStoryboardName = LaunchScreen;
				INFOPLIST_KEY_UIMainStoryboardFile = Main;
				INFOPLIST_KEY_UIUserInterfaceStyle = Automatic;
				LD_RUNPATH_SEARCH_PATHS = (
					"$(inherited)",
					"@executable_path/Frameworks",
				);
				MARKETING_VERSION = 1.0;
				PRODUCT_BUNDLE_IDENTIFIER = com.carkzis.Theia;
				PRODUCT_NAME = "$(TARGET_NAME)";
				SWIFT_EMIT_LOC_STRINGS = YES;
				TARGETED_DEVICE_FAMILY = 3;
			};
			name = Debug;
		};
		E531D1402808170800E735BA /* Release */ = {
			isa = XCBuildConfiguration;
			baseConfigurationReference = 4766014813E6C30FD18350D7 /* Pods-Theia.release.xcconfig */;
			buildSettings = {
				ASSETCATALOG_COMPILER_APPICON_NAME = "App Icon & Top Shelf Image";
				ASSETCATALOG_COMPILER_GLOBAL_ACCENT_COLOR_NAME = AccentColor;
				CODE_SIGN_STYLE = Automatic;
				CURRENT_PROJECT_VERSION = 1;
				DEVELOPMENT_TEAM = 2DT5V8584W;
				GENERATE_INFOPLIST_FILE = YES;
				INFOPLIST_FILE = Theia/Info.plist;
				INFOPLIST_KEY_UILaunchStoryboardName = LaunchScreen;
				INFOPLIST_KEY_UIMainStoryboardFile = Main;
				INFOPLIST_KEY_UIUserInterfaceStyle = Automatic;
				LD_RUNPATH_SEARCH_PATHS = (
					"$(inherited)",
					"@executable_path/Frameworks",
				);
				MARKETING_VERSION = 1.0;
				PRODUCT_BUNDLE_IDENTIFIER = com.carkzis.Theia;
				PRODUCT_NAME = "$(TARGET_NAME)";
				SWIFT_EMIT_LOC_STRINGS = YES;
				TARGETED_DEVICE_FAMILY = 3;
			};
			name = Release;
		};
		E531D1422808170800E735BA /* Debug */ = {
			isa = XCBuildConfiguration;
			baseConfigurationReference = E8CB08A3DE9B0CC9A662AD75 /* Pods-TheiaTests.debug.xcconfig */;
			buildSettings = {
				BUNDLE_LOADER = "$(TEST_HOST)";
				CODE_SIGN_STYLE = Automatic;
				CURRENT_PROJECT_VERSION = 1;
				DEVELOPMENT_TEAM = 2DT5V8584W;
				GENERATE_INFOPLIST_FILE = YES;
				LD_RUNPATH_SEARCH_PATHS = (
					"$(inherited)",
					"@executable_path/Frameworks",
					"@loader_path/Frameworks",
				);
				MARKETING_VERSION = 1.0;
				PRODUCT_BUNDLE_IDENTIFIER = com.carkzis.TheiaTests;
				PRODUCT_NAME = "$(TARGET_NAME)";
				SWIFT_EMIT_LOC_STRINGS = NO;
				TARGETED_DEVICE_FAMILY = 3;
				TEST_HOST = "$(BUILT_PRODUCTS_DIR)/Theia.app/Theia";
				TVOS_DEPLOYMENT_TARGET = 15.0;
			};
			name = Debug;
		};
		E531D1432808170800E735BA /* Release */ = {
			isa = XCBuildConfiguration;
			baseConfigurationReference = 167D0CC0183637707F20B556 /* Pods-TheiaTests.release.xcconfig */;
			buildSettings = {
				BUNDLE_LOADER = "$(TEST_HOST)";
				CODE_SIGN_STYLE = Automatic;
				CURRENT_PROJECT_VERSION = 1;
				DEVELOPMENT_TEAM = 2DT5V8584W;
				GENERATE_INFOPLIST_FILE = YES;
				LD_RUNPATH_SEARCH_PATHS = (
					"$(inherited)",
					"@executable_path/Frameworks",
					"@loader_path/Frameworks",
				);
				MARKETING_VERSION = 1.0;
				PRODUCT_BUNDLE_IDENTIFIER = com.carkzis.TheiaTests;
				PRODUCT_NAME = "$(TARGET_NAME)";
				SWIFT_EMIT_LOC_STRINGS = NO;
				TARGETED_DEVICE_FAMILY = 3;
				TEST_HOST = "$(BUILT_PRODUCTS_DIR)/Theia.app/Theia";
				TVOS_DEPLOYMENT_TARGET = 15.0;
			};
			name = Release;
		};
		E531D1452808170800E735BA /* Debug */ = {
			isa = XCBuildConfiguration;
			baseConfigurationReference = E2FE558D0F183B70C3DECA8E /* Pods-Theia-TheiaUITests.debug.xcconfig */;
			buildSettings = {
				CODE_SIGN_STYLE = Automatic;
				CURRENT_PROJECT_VERSION = 1;
				DEVELOPMENT_TEAM = 2DT5V8584W;
				GENERATE_INFOPLIST_FILE = YES;
				LD_RUNPATH_SEARCH_PATHS = (
					"$(inherited)",
					"@executable_path/Frameworks",
					"@loader_path/Frameworks",
				);
				MARKETING_VERSION = 1.0;
				PRODUCT_BUNDLE_IDENTIFIER = com.carkzis.TheiaUITests;
				PRODUCT_NAME = "$(TARGET_NAME)";
				SWIFT_EMIT_LOC_STRINGS = NO;
				TARGETED_DEVICE_FAMILY = 3;
				TEST_TARGET_NAME = Theia;
			};
			name = Debug;
		};
		E531D1462808170800E735BA /* Release */ = {
			isa = XCBuildConfiguration;
			baseConfigurationReference = BF9E074849A7A8C077DAB26B /* Pods-Theia-TheiaUITests.release.xcconfig */;
			buildSettings = {
				CODE_SIGN_STYLE = Automatic;
				CURRENT_PROJECT_VERSION = 1;
				DEVELOPMENT_TEAM = 2DT5V8584W;
				GENERATE_INFOPLIST_FILE = YES;
				LD_RUNPATH_SEARCH_PATHS = (
					"$(inherited)",
					"@executable_path/Frameworks",
					"@loader_path/Frameworks",
				);
				MARKETING_VERSION = 1.0;
				PRODUCT_BUNDLE_IDENTIFIER = com.carkzis.TheiaUITests;
				PRODUCT_NAME = "$(TARGET_NAME)";
				SWIFT_EMIT_LOC_STRINGS = NO;
				TARGETED_DEVICE_FAMILY = 3;
				TEST_TARGET_NAME = Theia;
			};
			name = Release;
		};
/* End XCBuildConfiguration section */

/* Begin XCConfigurationList section */
		E531D10E2808170500E735BA /* Build configuration list for PBXProject "Theia" */ = {
			isa = XCConfigurationList;
			buildConfigurations = (
				E531D13C2808170800E735BA /* Debug */,
				E531D13D2808170800E735BA /* Release */,
			);
			defaultConfigurationIsVisible = 0;
			defaultConfigurationName = Release;
		};
		E531D13E2808170800E735BA /* Build configuration list for PBXNativeTarget "Theia" */ = {
			isa = XCConfigurationList;
			buildConfigurations = (
				E531D13F2808170800E735BA /* Debug */,
				E531D1402808170800E735BA /* Release */,
			);
			defaultConfigurationIsVisible = 0;
			defaultConfigurationName = Release;
		};
		E531D1412808170800E735BA /* Build configuration list for PBXNativeTarget "TheiaTests" */ = {
			isa = XCConfigurationList;
			buildConfigurations = (
				E531D1422808170800E735BA /* Debug */,
				E531D1432808170800E735BA /* Release */,
			);
			defaultConfigurationIsVisible = 0;
			defaultConfigurationName = Release;
		};
		E531D1442808170800E735BA /* Build configuration list for PBXNativeTarget "TheiaUITests" */ = {
			isa = XCConfigurationList;
			buildConfigurations = (
				E531D1452808170800E735BA /* Debug */,
				E531D1462808170800E735BA /* Release */,
			);
			defaultConfigurationIsVisible = 0;
			defaultConfigurationName = Release;
		};
/* End XCConfigurationList section */
	};
	rootObject = E531D10B2808170500E735BA /* Project object */;
}
